
Microsoft Visual Studio Solution File, Format Version 12.00
# Visual Studio Version 17
VisualStudioVersion = 17.0.31903.59
MinimumVisualStudioVersion = 10.0.40219.1
Project("{FAE04EC0-301F-11D3-BF4B-00C04F79EFBC}") = "ExamApi", "ExamApi\ExamApi.csproj", "{B3C6C3D3-15E1-4EEB-9F26-C022E4488B7E}"
EndProject
Project("{FAE04EC0-301F-11D3-BF4B-00C04F79EFBC}") = "Domain", "Domain\Domain.csproj", "{F03439CD-9315-4DF3-91DA-A13FA3D9B56C}"
EndProject
Project("{FAE04EC0-301F-11D3-BF4B-00C04F79EFBC}") = "Infrastructure", "Infrastructure\Infrastructure.csproj", "{6895E467-81A1-42BD-8DFF-F4A6A5B3FA3D}"
EndProject
Global
	GlobalSection(SolutionConfigurationPlatforms) = preSolution
		Debug|Any CPU = Debug|Any CPU
		Debug|x64 = Debug|x64
		Debug|x86 = Debug|x86
		Release|Any CPU = Release|Any CPU
		Release|x64 = Release|x64
		Release|x86 = Release|x86
	EndGlobalSection
	GlobalSection(ProjectConfigurationPlatforms) = postSolution
		{B3C6C3D3-15E1-4EEB-9F26-C022E4488B7E}.Debug|Any CPU.ActiveCfg = Debug|Any CPU
		{B3C6C3D3-15E1-4EEB-9F26-C022E4488B7E}.Debug|Any CPU.Build.0 = Debug|Any CPU
		{B3C6C3D3-15E1-4EEB-9F26-C022E4488B7E}.Debug|x64.ActiveCfg = Debug|Any CPU
		{B3C6C3D3-15E1-4EEB-9F26-C022E4488B7E}.Debug|x64.Build.0 = Debug|Any CPU
		{B3C6C3D3-15E1-4EEB-9F26-C022E4488B7E}.Debug|x86.ActiveCfg = Debug|Any CPU
		{B3C6C3D3-15E1-4EEB-9F26-C022E4488B7E}.Debug|x86.Build.0 = Debug|Any CPU
		{B3C6C3D3-15E1-4EEB-9F26-C022E4488B7E}.Release|Any CPU.ActiveCfg = Release|Any CPU
		{B3C6C3D3-15E1-4EEB-9F26-C022E4488B7E}.Release|Any CPU.Build.0 = Release|Any CPU
		{B3C6C3D3-15E1-4EEB-9F26-C022E4488B7E}.Release|x64.ActiveCfg = Release|Any CPU
		{B3C6C3D3-15E1-4EEB-9F26-C022E4488B7E}.Release|x64.Build.0 = Release|Any CPU
		{B3C6C3D3-15E1-4EEB-9F26-C022E4488B7E}.Release|x86.ActiveCfg = Release|Any CPU
		{B3C6C3D3-15E1-4EEB-9F26-C022E4488B7E}.Release|x86.Build.0 = Release|Any CPU
		{F03439CD-9315-4DF3-91DA-A13FA3D9B56C}.Debug|Any CPU.ActiveCfg = Debug|Any CPU
		{F03439CD-9315-4DF3-91DA-A13FA3D9B56C}.Debug|Any CPU.Build.0 = Debug|Any CPU
		{F03439CD-9315-4DF3-91DA-A13FA3D9B56C}.Debug|x64.ActiveCfg = Debug|Any CPU
		{F03439CD-9315-4DF3-91DA-A13FA3D9B56C}.Debug|x64.Build.0 = Debug|Any CPU
		{F03439CD-9315-4DF3-91DA-A13FA3D9B56C}.Debug|x86.ActiveCfg = Debug|Any CPU
		{F03439CD-9315-4DF3-91DA-A13FA3D9B56C}.Debug|x86.Build.0 = Debug|Any CPU
		{F03439CD-9315-4DF3-91DA-A13FA3D9B56C}.Release|Any CPU.ActiveCfg = Release|Any CPU
		{F03439CD-9315-4DF3-91DA-A13FA3D9B56C}.Release|Any CPU.Build.0 = Release|Any CPU
		{F03439CD-9315-4DF3-91DA-A13FA3D9B56C}.Release|x64.ActiveCfg = Release|Any CPU
		{F03439CD-9315-4DF3-91DA-A13FA3D9B56C}.Release|x64.Build.0 = Release|Any CPU
		{F03439CD-9315-4DF3-91DA-A13FA3D9B56C}.Release|x86.ActiveCfg = Release|Any CPU
		{F03439CD-9315-4DF3-91DA-A13FA3D9B56C}.Release|x86.Build.0 = Release|Any CPU
		{6895E467-81A1-42BD-8DFF-F4A6A5B3FA3D}.Debug|Any CPU.ActiveCfg = Debug|Any CPU
		{6895E467-81A1-42BD-8DFF-F4A6A5B3FA3D}.Debug|Any CPU.Build.0 = Debug|Any CPU
		{6895E467-81A1-42BD-8DFF-F4A6A5B3FA3D}.Debug|x64.ActiveCfg = Debug|Any CPU
		{6895E467-81A1-42BD-8DFF-F4A6A5B3FA3D}.Debug|x64.Build.0 = Debug|Any CPU
		{6895E467-81A1-42BD-8DFF-F4A6A5B3FA3D}.Debug|x86.ActiveCfg = Debug|Any CPU
		{6895E467-81A1-42BD-8DFF-F4A6A5B3FA3D}.Debug|x86.Build.0 = Debug|Any CPU
		{6895E467-81A1-42BD-8DFF-F4A6A5B3FA3D}.Release|Any CPU.ActiveCfg = Release|Any CPU
		{6895E467-81A1-42BD-8DFF-F4A6A5B3FA3D}.Release|Any CPU.Build.0 = Release|Any CPU
		{6895E467-81A1-42BD-8DFF-F4A6A5B3FA3D}.Release|x64.ActiveCfg = Release|Any CPU
		{6895E467-81A1-42BD-8DFF-F4A6A5B3FA3D}.Release|x64.Build.0 = Release|Any CPU
		{6895E467-81A1-42BD-8DFF-F4A6A5B3FA3D}.Release|x86.ActiveCfg = Release|Any CPU
		{6895E467-81A1-42BD-8DFF-F4A6A5B3FA3D}.Release|x86.Build.0 = Release|Any CPU
	EndGlobalSection
	GlobalSection(SolutionProperties) = preSolution
		HideSolutionNode = FALSE
	EndGlobalSection
EndGlobal
